// !$*UTF8*$!
{
	archiveVersion = 1;
	classes = {
	};
	objectVersion = 50;
	objects = {

/* Begin PBXBuildFile section */
		7860594F23AC07F700FEB374 /* AppDelegate.swift in Sources */ = {isa = PBXBuildFile; fileRef = 7860594E23AC07F700FEB374 /* AppDelegate.swift */; };
		7860595623AC07F700FEB374 /* Main.storyboard in Resources */ = {isa = PBXBuildFile; fileRef = 7860595423AC07F700FEB374 /* Main.storyboard */; };
		7860595823AC07FB00FEB374 /* Assets.xcassets in Resources */ = {isa = PBXBuildFile; fileRef = 7860595723AC07FB00FEB374 /* Assets.xcassets */; };
		7860595B23AC07FB00FEB374 /* LaunchScreen.storyboard in Resources */ = {isa = PBXBuildFile; fileRef = 7860595923AC07FB00FEB374 /* LaunchScreen.storyboard */; };
		7860596823AC153E00FEB374 /* FirstTabPresenter.swift in Sources */ = {isa = PBXBuildFile; fileRef = 7860596223AC153E00FEB374 /* FirstTabPresenter.swift */; };
		7860596923AC153E00FEB374 /* FirstTabWorker.swift in Sources */ = {isa = PBXBuildFile; fileRef = 7860596323AC153E00FEB374 /* FirstTabWorker.swift */; };
		7860596A23AC153E00FEB374 /* FirstTabRouter.swift in Sources */ = {isa = PBXBuildFile; fileRef = 7860596423AC153E00FEB374 /* FirstTabRouter.swift */; };
		7860596B23AC153E00FEB374 /* FirstTabModels.swift in Sources */ = {isa = PBXBuildFile; fileRef = 7860596523AC153E00FEB374 /* FirstTabModels.swift */; };
		7860596C23AC153E00FEB374 /* FirstTabViewController.swift in Sources */ = {isa = PBXBuildFile; fileRef = 7860596623AC153E00FEB374 /* FirstTabViewController.swift */; };
		7860596D23AC153E00FEB374 /* FirstTabInteractor.swift in Sources */ = {isa = PBXBuildFile; fileRef = 7860596723AC153E00FEB374 /* FirstTabInteractor.swift */; };
		7860597223AC1A8900FEB374 /* SceneDelegate.swift in Sources */ = {isa = PBXBuildFile; fileRef = 7860597123AC1A8900FEB374 /* SceneDelegate.swift */; };
		7860597723AC1CB500FEB374 /* ParsingResult.swift in Sources */ = {isa = PBXBuildFile; fileRef = 7860597623AC1CB500FEB374 /* ParsingResult.swift */; };
		7860597923AC1D4800FEB374 /* RSSParser.swift in Sources */ = {isa = PBXBuildFile; fileRef = 7860597823AC1D4800FEB374 /* RSSParser.swift */; };
		7860597B23B1542700FEB374 /* Parser.swift in Sources */ = {isa = PBXBuildFile; fileRef = 7860597A23B1542600FEB374 /* Parser.swift */; };
		7860597D23B15F8B00FEB374 /* New.swift in Sources */ = {isa = PBXBuildFile; fileRef = 7860597C23B15F8B00FEB374 /* New.swift */; };
		7860597F23B2AD6000FEB374 /* ExtractHelper.swift in Sources */ = {isa = PBXBuildFile; fileRef = 7860597E23B2AD6000FEB374 /* ExtractHelper.swift */; };
		7860598223B2B82B00FEB374 /* NprParser.swift in Sources */ = {isa = PBXBuildFile; fileRef = 7860598123B2B82B00FEB374 /* NprParser.swift */; };
		7860598423B2BDD100FEB374 /* GenericNewsParser.swift in Sources */ = {isa = PBXBuildFile; fileRef = 7860598323B2BDD100FEB374 /* GenericNewsParser.swift */; };
		7860598623B2BF4200FEB374 /* TheWestParser.swift in Sources */ = {isa = PBXBuildFile; fileRef = 7860598523B2BF4200FEB374 /* TheWestParser.swift */; };
		7860598823B356B500FEB374 /* CbnParser.swift in Sources */ = {isa = PBXBuildFile; fileRef = 7860598723B356B500FEB374 /* CbnParser.swift */; };
		7860598A23B35FF700FEB374 /* XmlFields.swift in Sources */ = {isa = PBXBuildFile; fileRef = 7860598923B35FF700FEB374 /* XmlFields.swift */; };
		7860598E23B36F1F00FEB374 /* Feed.swift in Sources */ = {isa = PBXBuildFile; fileRef = 7860598D23B36F1F00FEB374 /* Feed.swift */; };
		786059B223B5656F00FEB374 /* SettingsPresenter.swift in Sources */ = {isa = PBXBuildFile; fileRef = 786059AC23B5656F00FEB374 /* SettingsPresenter.swift */; };
		786059B323B5656F00FEB374 /* SettingsWorker.swift in Sources */ = {isa = PBXBuildFile; fileRef = 786059AD23B5656F00FEB374 /* SettingsWorker.swift */; };
		786059B423B5656F00FEB374 /* SettingsRouter.swift in Sources */ = {isa = PBXBuildFile; fileRef = 786059AE23B5656F00FEB374 /* SettingsRouter.swift */; };
		786059B523B5656F00FEB374 /* SettingsModels.swift in Sources */ = {isa = PBXBuildFile; fileRef = 786059AF23B5656F00FEB374 /* SettingsModels.swift */; };
		786059B623B5656F00FEB374 /* SettingsViewController.swift in Sources */ = {isa = PBXBuildFile; fileRef = 786059B023B5656F00FEB374 /* SettingsViewController.swift */; };
		786059B723B5656F00FEB374 /* SettingsInteractor.swift in Sources */ = {isa = PBXBuildFile; fileRef = 786059B123B5656F00FEB374 /* SettingsInteractor.swift */; };
		786059B923B5659200FEB374 /* SettingsConfigurator.swift in Sources */ = {isa = PBXBuildFile; fileRef = 786059B823B5659200FEB374 /* SettingsConfigurator.swift */; };
		786059BC23B8CB0000FEB374 /* FeedModel.swift in Sources */ = {isa = PBXBuildFile; fileRef = 786059BB23B8CB0000FEB374 /* FeedModel.swift */; };
		786059C423B8F76900FEB374 /* SourceOfNewSettingsPresenter.swift in Sources */ = {isa = PBXBuildFile; fileRef = 786059BE23B8F76900FEB374 /* SourceOfNewSettingsPresenter.swift */; };
		786059C523B8F76900FEB374 /* SourceOfNewSettingsWorker.swift in Sources */ = {isa = PBXBuildFile; fileRef = 786059BF23B8F76900FEB374 /* SourceOfNewSettingsWorker.swift */; };
		786059C623B8F76900FEB374 /* SourceOfNewSettingsRouter.swift in Sources */ = {isa = PBXBuildFile; fileRef = 786059C023B8F76900FEB374 /* SourceOfNewSettingsRouter.swift */; };
		786059C723B8F76900FEB374 /* SourceOfNewSettingsModels.swift in Sources */ = {isa = PBXBuildFile; fileRef = 786059C123B8F76900FEB374 /* SourceOfNewSettingsModels.swift */; };
		786059C823B8F76900FEB374 /* SourceOfNewSettingsViewController.swift in Sources */ = {isa = PBXBuildFile; fileRef = 786059C223B8F76900FEB374 /* SourceOfNewSettingsViewController.swift */; };
		786059C923B8F76900FEB374 /* SourceOfNewSettingsInteractor.swift in Sources */ = {isa = PBXBuildFile; fileRef = 786059C323B8F76900FEB374 /* SourceOfNewSettingsInteractor.swift */; };
		786059CB23B8FC0700FEB374 /* SourceOfNewSettingsConfigurator.swift in Sources */ = {isa = PBXBuildFile; fileRef = 786059CA23B8FC0700FEB374 /* SourceOfNewSettingsConfigurator.swift */; };
		78A92F5123C4EE940058A293 /* StorageManager.swift in Sources */ = {isa = PBXBuildFile; fileRef = 78A92F5023C4EE940058A293 /* StorageManager.swift */; };
		78A92F5723C4F9900058A293 /* Constants.swift in Sources */ = {isa = PBXBuildFile; fileRef = 78A92F5623C4F9900058A293 /* Constants.swift */; };
		78D97B9923D7778100442108 /* UIHelpers.swift in Sources */ = {isa = PBXBuildFile; fileRef = 78D97B9823D7778100442108 /* UIHelpers.swift */; };
		78D97B9B23D7B0EB00442108 /* FirstTabConfigurator.swift in Sources */ = {isa = PBXBuildFile; fileRef = 78D97B9A23D7B0EB00442108 /* FirstTabConfigurator.swift */; };
		78D97B9D23D8E18B00442108 /* NewCell.swift in Sources */ = {isa = PBXBuildFile; fileRef = 78D97B9C23D8E18B00442108 /* NewCell.swift */; };
		78D97B9F23D8E2C200442108 /* NewCell.xib in Resources */ = {isa = PBXBuildFile; fileRef = 78D97B9E23D8E2C200442108 /* NewCell.xib */; };
/* End PBXBuildFile section */

/* Begin PBXFileReference section */
		7860594B23AC07F700FEB374 /* News.app */ = {isa = PBXFileReference; explicitFileType = wrapper.application; includeInIndex = 0; path = News.app; sourceTree = BUILT_PRODUCTS_DIR; };
		7860594E23AC07F700FEB374 /* AppDelegate.swift */ = {isa = PBXFileReference; lastKnownFileType = sourcecode.swift; path = AppDelegate.swift; sourceTree = "<group>"; };
		7860595523AC07F700FEB374 /* Base */ = {isa = PBXFileReference; lastKnownFileType = file.storyboard; name = Base; path = Base.lproj/Main.storyboard; sourceTree = "<group>"; };
		7860595723AC07FB00FEB374 /* Assets.xcassets */ = {isa = PBXFileReference; lastKnownFileType = folder.assetcatalog; path = Assets.xcassets; sourceTree = "<group>"; };
		7860595A23AC07FB00FEB374 /* Base */ = {isa = PBXFileReference; lastKnownFileType = file.storyboard; name = Base; path = Base.lproj/LaunchScreen.storyboard; sourceTree = "<group>"; };
		7860595C23AC07FB00FEB374 /* Info.plist */ = {isa = PBXFileReference; lastKnownFileType = text.plist.xml; path = Info.plist; sourceTree = "<group>"; };
		7860596223AC153E00FEB374 /* FirstTabPresenter.swift */ = {isa = PBXFileReference; lastKnownFileType = sourcecode.swift; path = FirstTabPresenter.swift; sourceTree = "<group>"; };
		7860596323AC153E00FEB374 /* FirstTabWorker.swift */ = {isa = PBXFileReference; lastKnownFileType = sourcecode.swift; path = FirstTabWorker.swift; sourceTree = "<group>"; };
		7860596423AC153E00FEB374 /* FirstTabRouter.swift */ = {isa = PBXFileReference; lastKnownFileType = sourcecode.swift; path = FirstTabRouter.swift; sourceTree = "<group>"; };
		7860596523AC153E00FEB374 /* FirstTabModels.swift */ = {isa = PBXFileReference; lastKnownFileType = sourcecode.swift; path = FirstTabModels.swift; sourceTree = "<group>"; };
		7860596623AC153E00FEB374 /* FirstTabViewController.swift */ = {isa = PBXFileReference; lastKnownFileType = sourcecode.swift; path = FirstTabViewController.swift; sourceTree = "<group>"; };
		7860596723AC153E00FEB374 /* FirstTabInteractor.swift */ = {isa = PBXFileReference; lastKnownFileType = sourcecode.swift; path = FirstTabInteractor.swift; sourceTree = "<group>"; };
		7860597123AC1A8900FEB374 /* SceneDelegate.swift */ = {isa = PBXFileReference; lastKnownFileType = sourcecode.swift; path = SceneDelegate.swift; sourceTree = "<group>"; };
		7860597623AC1CB500FEB374 /* ParsingResult.swift */ = {isa = PBXFileReference; lastKnownFileType = sourcecode.swift; path = ParsingResult.swift; sourceTree = "<group>"; };
		7860597823AC1D4800FEB374 /* RSSParser.swift */ = {isa = PBXFileReference; lastKnownFileType = sourcecode.swift; path = RSSParser.swift; sourceTree = "<group>"; };
		7860597A23B1542600FEB374 /* Parser.swift */ = {isa = PBXFileReference; lastKnownFileType = sourcecode.swift; path = Parser.swift; sourceTree = "<group>"; };
		7860597C23B15F8B00FEB374 /* New.swift */ = {isa = PBXFileReference; lastKnownFileType = sourcecode.swift; path = New.swift; sourceTree = "<group>"; };
		7860597E23B2AD6000FEB374 /* ExtractHelper.swift */ = {isa = PBXFileReference; lastKnownFileType = sourcecode.swift; path = ExtractHelper.swift; sourceTree = "<group>"; };
		7860598123B2B82B00FEB374 /* NprParser.swift */ = {isa = PBXFileReference; lastKnownFileType = sourcecode.swift; path = NprParser.swift; sourceTree = "<group>"; };
		7860598323B2BDD100FEB374 /* GenericNewsParser.swift */ = {isa = PBXFileReference; lastKnownFileType = sourcecode.swift; path = GenericNewsParser.swift; sourceTree = "<group>"; };
		7860598523B2BF4200FEB374 /* TheWestParser.swift */ = {isa = PBXFileReference; lastKnownFileType = sourcecode.swift; path = TheWestParser.swift; sourceTree = "<group>"; };
		7860598723B356B500FEB374 /* CbnParser.swift */ = {isa = PBXFileReference; lastKnownFileType = sourcecode.swift; path = CbnParser.swift; sourceTree = "<group>"; };
		7860598923B35FF700FEB374 /* XmlFields.swift */ = {isa = PBXFileReference; lastKnownFileType = sourcecode.swift; path = XmlFields.swift; sourceTree = "<group>"; };
		7860598D23B36F1F00FEB374 /* Feed.swift */ = {isa = PBXFileReference; lastKnownFileType = sourcecode.swift; path = Feed.swift; sourceTree = "<group>"; };
		786059AC23B5656F00FEB374 /* SettingsPresenter.swift */ = {isa = PBXFileReference; lastKnownFileType = sourcecode.swift; path = SettingsPresenter.swift; sourceTree = "<group>"; };
		786059AD23B5656F00FEB374 /* SettingsWorker.swift */ = {isa = PBXFileReference; lastKnownFileType = sourcecode.swift; path = SettingsWorker.swift; sourceTree = "<group>"; };
		786059AE23B5656F00FEB374 /* SettingsRouter.swift */ = {isa = PBXFileReference; lastKnownFileType = sourcecode.swift; path = SettingsRouter.swift; sourceTree = "<group>"; };
		786059AF23B5656F00FEB374 /* SettingsModels.swift */ = {isa = PBXFileReference; lastKnownFileType = sourcecode.swift; path = SettingsModels.swift; sourceTree = "<group>"; };
		786059B023B5656F00FEB374 /* SettingsViewController.swift */ = {isa = PBXFileReference; lastKnownFileType = sourcecode.swift; path = SettingsViewController.swift; sourceTree = "<group>"; };
		786059B123B5656F00FEB374 /* SettingsInteractor.swift */ = {isa = PBXFileReference; lastKnownFileType = sourcecode.swift; path = SettingsInteractor.swift; sourceTree = "<group>"; };
		786059B823B5659200FEB374 /* SettingsConfigurator.swift */ = {isa = PBXFileReference; lastKnownFileType = sourcecode.swift; path = SettingsConfigurator.swift; sourceTree = "<group>"; };
		786059BB23B8CB0000FEB374 /* FeedModel.swift */ = {isa = PBXFileReference; lastKnownFileType = sourcecode.swift; path = FeedModel.swift; sourceTree = "<group>"; };
		786059BE23B8F76900FEB374 /* SourceOfNewSettingsPresenter.swift */ = {isa = PBXFileReference; lastKnownFileType = sourcecode.swift; path = SourceOfNewSettingsPresenter.swift; sourceTree = "<group>"; };
		786059BF23B8F76900FEB374 /* SourceOfNewSettingsWorker.swift */ = {isa = PBXFileReference; lastKnownFileType = sourcecode.swift; path = SourceOfNewSettingsWorker.swift; sourceTree = "<group>"; };
		786059C023B8F76900FEB374 /* SourceOfNewSettingsRouter.swift */ = {isa = PBXFileReference; lastKnownFileType = sourcecode.swift; path = SourceOfNewSettingsRouter.swift; sourceTree = "<group>"; };
		786059C123B8F76900FEB374 /* SourceOfNewSettingsModels.swift */ = {isa = PBXFileReference; lastKnownFileType = sourcecode.swift; path = SourceOfNewSettingsModels.swift; sourceTree = "<group>"; };
		786059C223B8F76900FEB374 /* SourceOfNewSettingsViewController.swift */ = {isa = PBXFileReference; lastKnownFileType = sourcecode.swift; path = SourceOfNewSettingsViewController.swift; sourceTree = "<group>"; };
		786059C323B8F76900FEB374 /* SourceOfNewSettingsInteractor.swift */ = {isa = PBXFileReference; lastKnownFileType = sourcecode.swift; path = SourceOfNewSettingsInteractor.swift; sourceTree = "<group>"; };
		786059CA23B8FC0700FEB374 /* SourceOfNewSettingsConfigurator.swift */ = {isa = PBXFileReference; lastKnownFileType = sourcecode.swift; path = SourceOfNewSettingsConfigurator.swift; sourceTree = "<group>"; };
		78A92F5023C4EE940058A293 /* StorageManager.swift */ = {isa = PBXFileReference; lastKnownFileType = sourcecode.swift; path = StorageManager.swift; sourceTree = "<group>"; };
		78A92F5623C4F9900058A293 /* Constants.swift */ = {isa = PBXFileReference; lastKnownFileType = sourcecode.swift; path = Constants.swift; sourceTree = "<group>"; };
		78D97B9823D7778100442108 /* UIHelpers.swift */ = {isa = PBXFileReference; lastKnownFileType = sourcecode.swift; path = UIHelpers.swift; sourceTree = "<group>"; };
		78D97B9A23D7B0EB00442108 /* FirstTabConfigurator.swift */ = {isa = PBXFileReference; lastKnownFileType = sourcecode.swift; path = FirstTabConfigurator.swift; sourceTree = "<group>"; };
		78D97B9C23D8E18B00442108 /* NewCell.swift */ = {isa = PBXFileReference; lastKnownFileType = sourcecode.swift; path = NewCell.swift; sourceTree = "<group>"; };
		78D97B9E23D8E2C200442108 /* NewCell.xib */ = {isa = PBXFileReference; lastKnownFileType = file.xib; path = NewCell.xib; sourceTree = "<group>"; };
/* End PBXFileReference section */

/* Begin PBXFrameworksBuildPhase section */
		7860594823AC07F700FEB374 /* Frameworks */ = {
			isa = PBXFrameworksBuildPhase;
			buildActionMask = 2147483647;
			files = (
			);
			runOnlyForDeploymentPostprocessing = 0;
		};
/* End PBXFrameworksBuildPhase section */

/* Begin PBXGroup section */
		7860594223AC07F700FEB374 = {
			isa = PBXGroup;
			children = (
				7860594D23AC07F700FEB374 /* News */,
				7860594C23AC07F700FEB374 /* Products */,
			);
			sourceTree = "<group>";
		};
		7860594C23AC07F700FEB374 /* Products */ = {
			isa = PBXGroup;
			children = (
				7860594B23AC07F700FEB374 /* News.app */,
			);
			name = Products;
			sourceTree = "<group>";
		};
		7860594D23AC07F700FEB374 /* News */ = {
			isa = PBXGroup;
			children = (
				7860596E23AC154800FEB374 /* FirstTab */,
				786059AB23B5654B00FEB374 /* Settings */,
				786059BD23B8F6C000FEB374 /* SourceOfNewSettings */,
				7860597323AC1C0600FEB374 /* RssManager */,
				7860598023B2B7E600FEB374 /* NewsRssManagers */,
				786059BA23B8CAE500FEB374 /* Models */,
				78A92F5823C72E4E0058A293 /* Views */,
				78A92F4F23C4EE5E0058A293 /* Helpers */,
				7860596F23AC158900FEB374 /* StoryBoards */,
				7860597023AC15BF00FEB374 /* Configurations */,
				7860597123AC1A8900FEB374 /* SceneDelegate.swift */,
				786059BB23B8CB0000FEB374 /* FeedModel.swift */,
			);
			path = News;
			sourceTree = "<group>";
		};
		7860596E23AC154800FEB374 /* FirstTab */ = {
			isa = PBXGroup;
			children = (
				7860596623AC153E00FEB374 /* FirstTabViewController.swift */,
				7860596723AC153E00FEB374 /* FirstTabInteractor.swift */,
				7860596223AC153E00FEB374 /* FirstTabPresenter.swift */,
				7860596323AC153E00FEB374 /* FirstTabWorker.swift */,
				7860596423AC153E00FEB374 /* FirstTabRouter.swift */,
				7860596523AC153E00FEB374 /* FirstTabModels.swift */,
				78D97B9A23D7B0EB00442108 /* FirstTabConfigurator.swift */,
			);
			path = FirstTab;
			sourceTree = "<group>";
		};
		7860596F23AC158900FEB374 /* StoryBoards */ = {
			isa = PBXGroup;
			children = (
				7860595423AC07F700FEB374 /* Main.storyboard */,
				78D97B9E23D8E2C200442108 /* NewCell.xib */,
				7860595923AC07FB00FEB374 /* LaunchScreen.storyboard */,
			);
			path = StoryBoards;
			sourceTree = "<group>";
		};
		7860597023AC15BF00FEB374 /* Configurations */ = {
			isa = PBXGroup;
			children = (
				7860594E23AC07F700FEB374 /* AppDelegate.swift */,
				7860595723AC07FB00FEB374 /* Assets.xcassets */,
				7860595C23AC07FB00FEB374 /* Info.plist */,
			);
			path = Configurations;
			sourceTree = "<group>";
		};
		7860597323AC1C0600FEB374 /* RssManager */ = {
			isa = PBXGroup;
			children = (
				7860597623AC1CB500FEB374 /* ParsingResult.swift */,
				7860597A23B1542600FEB374 /* Parser.swift */,
				7860597823AC1D4800FEB374 /* RSSParser.swift */,
			);
			path = RssManager;
			sourceTree = "<group>";
		};
		7860598023B2B7E600FEB374 /* NewsRssManagers */ = {
			isa = PBXGroup;
			children = (
				7860598323B2BDD100FEB374 /* GenericNewsParser.swift */,
				7860598123B2B82B00FEB374 /* NprParser.swift */,
				7860598523B2BF4200FEB374 /* TheWestParser.swift */,
				7860598723B356B500FEB374 /* CbnParser.swift */,
				7860598923B35FF700FEB374 /* XmlFields.swift */,
			);
			path = NewsRssManagers;
			sourceTree = "<group>";
		};
		786059AB23B5654B00FEB374 /* Settings */ = {
			isa = PBXGroup;
			children = (
				786059B023B5656F00FEB374 /* SettingsViewController.swift */,
				786059B123B5656F00FEB374 /* SettingsInteractor.swift */,
				786059AC23B5656F00FEB374 /* SettingsPresenter.swift */,
				786059AD23B5656F00FEB374 /* SettingsWorker.swift */,
				786059AE23B5656F00FEB374 /* SettingsRouter.swift */,
				786059AF23B5656F00FEB374 /* SettingsModels.swift */,
				786059B823B5659200FEB374 /* SettingsConfigurator.swift */,
			);
			path = Settings;
			sourceTree = "<group>";
		};
		786059BA23B8CAE500FEB374 /* Models */ = {
			isa = PBXGroup;
			children = (
				7860598D23B36F1F00FEB374 /* Feed.swift */,
				7860597C23B15F8B00FEB374 /* New.swift */,
			);
			path = Models;
			sourceTree = "<group>";
		};
		786059BD23B8F6C000FEB374 /* SourceOfNewSettings */ = {
			isa = PBXGroup;
			children = (
				786059C223B8F76900FEB374 /* SourceOfNewSettingsViewController.swift */,
				786059C323B8F76900FEB374 /* SourceOfNewSettingsInteractor.swift */,
				786059BE23B8F76900FEB374 /* SourceOfNewSettingsPresenter.swift */,
				786059BF23B8F76900FEB374 /* SourceOfNewSettingsWorker.swift */,
				786059C023B8F76900FEB374 /* SourceOfNewSettingsRouter.swift */,
				786059C123B8F76900FEB374 /* SourceOfNewSettingsModels.swift */,
				786059CA23B8FC0700FEB374 /* SourceOfNewSettingsConfigurator.swift */,
			);
			path = SourceOfNewSettings;
			sourceTree = "<group>";
		};
		78A92F4F23C4EE5E0058A293 /* Helpers */ = {
			isa = PBXGroup;
			children = (
				78A92F5023C4EE940058A293 /* StorageManager.swift */,
				7860597E23B2AD6000FEB374 /* ExtractHelper.swift */,
				78A92F5623C4F9900058A293 /* Constants.swift */,
				78D97B9823D7778100442108 /* UIHelpers.swift */,
			);
			path = Helpers;
			sourceTree = "<group>";
		};
		78A92F5823C72E4E0058A293 /* Views */ = {
			isa = PBXGroup;
			children = (
				78D97B9C23D8E18B00442108 /* NewCell.swift */,
			);
			path = Views;
			sourceTree = "<group>";
		};
/* End PBXGroup section */

/* Begin PBXNativeTarget section */
		7860594A23AC07F700FEB374 /* News */ = {
			isa = PBXNativeTarget;
			buildConfigurationList = 7860595F23AC07FB00FEB374 /* Build configuration list for PBXNativeTarget "News" */;
			buildPhases = (
				7860594723AC07F700FEB374 /* Sources */,
				7860594823AC07F700FEB374 /* Frameworks */,
				7860594923AC07F700FEB374 /* Resources */,
			);
			buildRules = (
			);
			dependencies = (
			);
			name = News;
			productName = News;
			productReference = 7860594B23AC07F700FEB374 /* News.app */;
			productType = "com.apple.product-type.application";
		};
/* End PBXNativeTarget section */

/* Begin PBXProject section */
		7860594323AC07F700FEB374 /* Project object */ = {
			isa = PBXProject;
			attributes = {
				LastSwiftUpdateCheck = 1120;
				LastUpgradeCheck = 1120;
				ORGANIZATIONNAME = "Igor Zhyzhyrii";
				TargetAttributes = {
					7860594A23AC07F700FEB374 = {
						CreatedOnToolsVersion = 11.2.1;
					};
				};
			};
			buildConfigurationList = 7860594623AC07F700FEB374 /* Build configuration list for PBXProject "News" */;
			compatibilityVersion = "Xcode 9.3";
			developmentRegion = en;
			hasScannedForEncodings = 0;
			knownRegions = (
				en,
				Base,
			);
			mainGroup = 7860594223AC07F700FEB374;
			productRefGroup = 7860594C23AC07F700FEB374 /* Products */;
			projectDirPath = "";
			projectRoot = "";
			targets = (
				7860594A23AC07F700FEB374 /* News */,
			);
		};
/* End PBXProject section */

/* Begin PBXResourcesBuildPhase section */
		7860594923AC07F700FEB374 /* Resources */ = {
			isa = PBXResourcesBuildPhase;
			buildActionMask = 2147483647;
			files = (
				7860595B23AC07FB00FEB374 /* LaunchScreen.storyboard in Resources */,
				7860595823AC07FB00FEB374 /* Assets.xcassets in Resources */,
				78D97B9F23D8E2C200442108 /* NewCell.xib in Resources */,
				7860595623AC07F700FEB374 /* Main.storyboard in Resources */,
			);
			runOnlyForDeploymentPostprocessing = 0;
		};
/* End PBXResourcesBuildPhase section */

/* Begin PBXSourcesBuildPhase section */
		7860594723AC07F700FEB374 /* Sources */ = {
			isa = PBXSourcesBuildPhase;
			buildActionMask = 2147483647;
			files = (
				786059B923B5659200FEB374 /* SettingsConfigurator.swift in Sources */,
				78A92F5123C4EE940058A293 /* StorageManager.swift in Sources */,
				7860598823B356B500FEB374 /* CbnParser.swift in Sources */,
				786059B523B5656F00FEB374 /* SettingsModels.swift in Sources */,
				7860596D23AC153E00FEB374 /* FirstTabInteractor.swift in Sources */,
				7860596B23AC153E00FEB374 /* FirstTabModels.swift in Sources */,
				7860597723AC1CB500FEB374 /* ParsingResult.swift in Sources */,
				7860596A23AC153E00FEB374 /* FirstTabRouter.swift in Sources */,
				786059C923B8F76900FEB374 /* SourceOfNewSettingsInteractor.swift in Sources */,
				7860597923AC1D4800FEB374 /* RSSParser.swift in Sources */,
				78D97B9D23D8E18B00442108 /* NewCell.swift in Sources */,
				786059C623B8F76900FEB374 /* SourceOfNewSettingsRouter.swift in Sources */,
				786059CB23B8FC0700FEB374 /* SourceOfNewSettingsConfigurator.swift in Sources */,
				7860596823AC153E00FEB374 /* FirstTabPresenter.swift in Sources */,
				786059C723B8F76900FEB374 /* SourceOfNewSettingsModels.swift in Sources */,
				7860596923AC153E00FEB374 /* FirstTabWorker.swift in Sources */,
				786059C823B8F76900FEB374 /* SourceOfNewSettingsViewController.swift in Sources */,
				7860596C23AC153E00FEB374 /* FirstTabViewController.swift in Sources */,
				7860598423B2BDD100FEB374 /* GenericNewsParser.swift in Sources */,
				786059B223B5656F00FEB374 /* SettingsPresenter.swift in Sources */,
				78A92F5723C4F9900058A293 /* Constants.swift in Sources */,
				7860597F23B2AD6000FEB374 /* ExtractHelper.swift in Sources */,
				7860594F23AC07F700FEB374 /* AppDelegate.swift in Sources */,
				786059BC23B8CB0000FEB374 /* FeedModel.swift in Sources */,
				7860598A23B35FF700FEB374 /* XmlFields.swift in Sources */,
				78D97B9923D7778100442108 /* UIHelpers.swift in Sources */,
				786059B323B5656F00FEB374 /* SettingsWorker.swift in Sources */,
				786059B623B5656F00FEB374 /* SettingsViewController.swift in Sources */,
				7860597223AC1A8900FEB374 /* SceneDelegate.swift in Sources */,
				7860598223B2B82B00FEB374 /* NprParser.swift in Sources */,
				78D97B9B23D7B0EB00442108 /* FirstTabConfigurator.swift in Sources */,
				786059B423B5656F00FEB374 /* SettingsRouter.swift in Sources */,
				7860597D23B15F8B00FEB374 /* New.swift in Sources */,
				7860597B23B1542700FEB374 /* Parser.swift in Sources */,
				786059C523B8F76900FEB374 /* SourceOfNewSettingsWorker.swift in Sources */,
				786059C423B8F76900FEB374 /* SourceOfNewSettingsPresenter.swift in Sources */,
				7860598623B2BF4200FEB374 /* TheWestParser.swift in Sources */,
				7860598E23B36F1F00FEB374 /* Feed.swift in Sources */,
				786059B723B5656F00FEB374 /* SettingsInteractor.swift in Sources */,
			);
			runOnlyForDeploymentPostprocessing = 0;
		};
/* End PBXSourcesBuildPhase section */

/* Begin PBXVariantGroup section */
		7860595423AC07F700FEB374 /* Main.storyboard */ = {
			isa = PBXVariantGroup;
			children = (
				7860595523AC07F700FEB374 /* Base */,
			);
			name = Main.storyboard;
			sourceTree = "<group>";
		};
		7860595923AC07FB00FEB374 /* LaunchScreen.storyboard */ = {
			isa = PBXVariantGroup;
			children = (
				7860595A23AC07FB00FEB374 /* Base */,
			);
			name = LaunchScreen.storyboard;
			sourceTree = "<group>";
		};
/* End PBXVariantGroup section */

/* Begin XCBuildConfiguration section */
		7860595D23AC07FB00FEB374 /* Debug */ = {
			isa = XCBuildConfiguration;
			buildSettings = {
				ALWAYS_SEARCH_USER_PATHS = NO;
				CLANG_ANALYZER_NONNULL = YES;
				CLANG_ANALYZER_NUMBER_OBJECT_CONVERSION = YES_AGGRESSIVE;
				CLANG_CXX_LANGUAGE_STANDARD = "gnu++14";
				CLANG_CXX_LIBRARY = "libc++";
				CLANG_ENABLE_MODULES = YES;
				CLANG_ENABLE_OBJC_ARC = YES;
				CLANG_ENABLE_OBJC_WEAK = YES;
				CLANG_WARN_BLOCK_CAPTURE_AUTORELEASING = YES;
				CLANG_WARN_BOOL_CONVERSION = YES;
				CLANG_WARN_COMMA = YES;
				CLANG_WARN_CONSTANT_CONVERSION = YES;
				CLANG_WARN_DEPRECATED_OBJC_IMPLEMENTATIONS = YES;
				CLANG_WARN_DIRECT_OBJC_ISA_USAGE = YES_ERROR;
				CLANG_WARN_DOCUMENTATION_COMMENTS = YES;
				CLANG_WARN_EMPTY_BODY = YES;
				CLANG_WARN_ENUM_CONVERSION = YES;
				CLANG_WARN_INFINITE_RECURSION = YES;
				CLANG_WARN_INT_CONVERSION = YES;
				CLANG_WARN_NON_LITERAL_NULL_CONVERSION = YES;
				CLANG_WARN_OBJC_IMPLICIT_RETAIN_SELF = YES;
				CLANG_WARN_OBJC_LITERAL_CONVERSION = YES;
				CLANG_WARN_OBJC_ROOT_CLASS = YES_ERROR;
				CLANG_WARN_RANGE_LOOP_ANALYSIS = YES;
				CLANG_WARN_STRICT_PROTOTYPES = YES;
				CLANG_WARN_SUSPICIOUS_MOVE = YES;
				CLANG_WARN_UNGUARDED_AVAILABILITY = YES_AGGRESSIVE;
				CLANG_WARN_UNREACHABLE_CODE = YES;
				CLANG_WARN__DUPLICATE_METHOD_MATCH = YES;
				COPY_PHASE_STRIP = NO;
				DEBUG_INFORMATION_FORMAT = dwarf;
				ENABLE_STRICT_OBJC_MSGSEND = YES;
				ENABLE_TESTABILITY = YES;
				GCC_C_LANGUAGE_STANDARD = gnu11;
				GCC_DYNAMIC_NO_PIC = NO;
				GCC_NO_COMMON_BLOCKS = YES;
				GCC_OPTIMIZATION_LEVEL = 0;
				GCC_PREPROCESSOR_DEFINITIONS = (
					"DEBUG=1",
					"$(inherited)",
				);
				GCC_WARN_64_TO_32_BIT_CONVERSION = YES;
				GCC_WARN_ABOUT_RETURN_TYPE = YES_ERROR;
				GCC_WARN_UNDECLARED_SELECTOR = YES;
				GCC_WARN_UNINITIALIZED_AUTOS = YES_AGGRESSIVE;
				GCC_WARN_UNUSED_FUNCTION = YES;
				GCC_WARN_UNUSED_VARIABLE = YES;
				IPHONEOS_DEPLOYMENT_TARGET = 13.2;
				MTL_ENABLE_DEBUG_INFO = INCLUDE_SOURCE;
				MTL_FAST_MATH = YES;
				ONLY_ACTIVE_ARCH = YES;
				SDKROOT = iphoneos;
				SWIFT_ACTIVE_COMPILATION_CONDITIONS = DEBUG;
				SWIFT_OPTIMIZATION_LEVEL = "-Onone";
			};
			name = Debug;
		};
		7860595E23AC07FB00FEB374 /* Release */ = {
			isa = XCBuildConfiguration;
			buildSettings = {
				ALWAYS_SEARCH_USER_PATHS = NO;
				CLANG_ANALYZER_NONNULL = YES;
				CLANG_ANALYZER_NUMBER_OBJECT_CONVERSION = YES_AGGRESSIVE;
				CLANG_CXX_LANGUAGE_STANDARD = "gnu++14";
				CLANG_CXX_LIBRARY = "libc++";
				CLANG_ENABLE_MODULES = YES;
				CLANG_ENABLE_OBJC_ARC = YES;
				CLANG_ENABLE_OBJC_WEAK = YES;
				CLANG_WARN_BLOCK_CAPTURE_AUTORELEASING = YES;
				CLANG_WARN_BOOL_CONVERSION = YES;
				CLANG_WARN_COMMA = YES;
				CLANG_WARN_CONSTANT_CONVERSION = YES;
				CLANG_WARN_DEPRECATED_OBJC_IMPLEMENTATIONS = YES;
				CLANG_WARN_DIRECT_OBJC_ISA_USAGE = YES_ERROR;
				CLANG_WARN_DOCUMENTATION_COMMENTS = YES;
				CLANG_WARN_EMPTY_BODY = YES;
				CLANG_WARN_ENUM_CONVERSION = YES;
				CLANG_WARN_INFINITE_RECURSION = YES;
				CLANG_WARN_INT_CONVERSION = YES;
				CLANG_WARN_NON_LITERAL_NULL_CONVERSION = YES;
				CLANG_WARN_OBJC_IMPLICIT_RETAIN_SELF = YES;
				CLANG_WARN_OBJC_LITERAL_CONVERSION = YES;
				CLANG_WARN_OBJC_ROOT_CLASS = YES_ERROR;
				CLANG_WARN_RANGE_LOOP_ANALYSIS = YES;
				CLANG_WARN_STRICT_PROTOTYPES = YES;
				CLANG_WARN_SUSPICIOUS_MOVE = YES;
				CLANG_WARN_UNGUARDED_AVAILABILITY = YES_AGGRESSIVE;
				CLANG_WARN_UNREACHABLE_CODE = YES;
				CLANG_WARN__DUPLICATE_METHOD_MATCH = YES;
				COPY_PHASE_STRIP = NO;
				DEBUG_INFORMATION_FORMAT = "dwarf-with-dsym";
				ENABLE_NS_ASSERTIONS = NO;
				ENABLE_STRICT_OBJC_MSGSEND = YES;
				GCC_C_LANGUAGE_STANDARD = gnu11;
				GCC_NO_COMMON_BLOCKS = YES;
				GCC_WARN_64_TO_32_BIT_CONVERSION = YES;
				GCC_WARN_ABOUT_RETURN_TYPE = YES_ERROR;
				GCC_WARN_UNDECLARED_SELECTOR = YES;
				GCC_WARN_UNINITIALIZED_AUTOS = YES_AGGRESSIVE;
				GCC_WARN_UNUSED_FUNCTION = YES;
				GCC_WARN_UNUSED_VARIABLE = YES;
				IPHONEOS_DEPLOYMENT_TARGET = 13.2;
				MTL_ENABLE_DEBUG_INFO = NO;
				MTL_FAST_MATH = YES;
				SDKROOT = iphoneos;
				SWIFT_COMPILATION_MODE = wholemodule;
				SWIFT_OPTIMIZATION_LEVEL = "-O";
				VALIDATE_PRODUCT = YES;
			};
			name = Release;
		};
		7860596023AC07FB00FEB374 /* Debug */ = {
			isa = XCBuildConfiguration;
			buildSettings = {
				ASSETCATALOG_COMPILER_APPICON_NAME = AppIcon;
				CODE_SIGN_STYLE = Automatic;
				DEVELOPMENT_TEAM = 3G59622ZHZ;
				INFOPLIST_FILE = News/Configurations/Info.plist;
				LD_RUNPATH_SEARCH_PATHS = (
					"$(inherited)",
					"@executable_path/Frameworks",
				);
				PRODUCT_BUNDLE_IDENTIFIER = com.igorzhyzhyrii.News;
				PRODUCT_NAME = "$(TARGET_NAME)";
				SWIFT_VERSION = 5.0;
				TARGETED_DEVICE_FAMILY = "1,2";
			};
			name = Debug;
		};
		7860596123AC07FB00FEB374 /* Release */ = {
			isa = XCBuildConfiguration;
			buildSettings = {
				ASSETCATALOG_COMPILER_APPICON_NAME = AppIcon;
				CODE_SIGN_STYLE = Automatic;
				DEVELOPMENT_TEAM = 3G59622ZHZ;
				INFOPLIST_FILE = News/Configurations/Info.plist;
				LD_RUNPATH_SEARCH_PATHS = (
					"$(inherited)",
					"@executable_path/Frameworks",
				);
				PRODUCT_BUNDLE_IDENTIFIER = com.igorzhyzhyrii.News;
				PRODUCT_NAME = "$(TARGET_NAME)";
				SWIFT_VERSION = 5.0;
				TARGETED_DEVICE_FAMILY = "1,2";
			};
			name = Release;
		};
/* End XCBuildConfiguration section */

/* Begin XCConfigurationList section */
		7860594623AC07F700FEB374 /* Build configuration list for PBXProject "News" */ = {
			isa = XCConfigurationList;
			buildConfigurations = (
				7860595D23AC07FB00FEB374 /* Debug */,
				7860595E23AC07FB00FEB374 /* Release */,
			);
			defaultConfigurationIsVisible = 0;
			defaultConfigurationName = Release;
		};
		7860595F23AC07FB00FEB374 /* Build configuration list for PBXNativeTarget "News" */ = {
			isa = XCConfigurationList;
			buildConfigurations = (
				7860596023AC07FB00FEB374 /* Debug */,
				7860596123AC07FB00FEB374 /* Release */,
			);
			defaultConfigurationIsVisible = 0;
			defaultConfigurationName = Release;
		};
/* End XCConfigurationList section */
	};
	rootObject = 7860594323AC07F700FEB374 /* Project object */;
}
